
Microsoft Visual Studio Solution File, Format Version 12.00
# Visual Studio Version 16
VisualStudioVersion = 16.0.29318.209
MinimumVisualStudioVersion = 10.0.40219.1
Project("{FAE04EC0-301F-11D3-BF4B-00C04F79EFBC}") = "miniCMS.Data", "miniCMS.Data\miniCMS.Data.csproj", "{D9848996-CAB9-446C-920C-6F74E736AEFB}"
EndProject
Project("{FAE04EC0-301F-11D3-BF4B-00C04F79EFBC}") = "miniCMS.Business", "miniCMS.Business\miniCMS.Business.csproj", "{7A3BF56E-58EC-412C-B06C-8FCD90DE49E9}"
EndProject
Project("{FAE04EC0-301F-11D3-BF4B-00C04F79EFBC}") = "miniCMS.Tests", "miniCMS.Tests\miniCMS.Tests.csproj", "{1ADCB1E1-8108-4507-ADFB-345381400D42}"
EndProject
Global
	GlobalSection(SolutionConfigurationPlatforms) = preSolution
		Debug|Any CPU = Debug|Any CPU
		Release|Any CPU = Release|Any CPU
	EndGlobalSection
	GlobalSection(ProjectConfigurationPlatforms) = postSolution
		{D9848996-CAB9-446C-920C-6F74E736AEFB}.Debug|Any CPU.ActiveCfg = Debug|Any CPU
		{D9848996-CAB9-446C-920C-6F74E736AEFB}.Debug|Any CPU.Build.0 = Debug|Any CPU
		{D9848996-CAB9-446C-920C-6F74E736AEFB}.Release|Any CPU.ActiveCfg = Release|Any CPU
		{D9848996-CAB9-446C-920C-6F74E736AEFB}.Release|Any CPU.Build.0 = Release|Any CPU
		{7A3BF56E-58EC-412C-B06C-8FCD90DE49E9}.Debug|Any CPU.ActiveCfg = Debug|Any CPU
		{7A3BF56E-58EC-412C-B06C-8FCD90DE49E9}.Debug|Any CPU.Build.0 = Debug|Any CPU
		{7A3BF56E-58EC-412C-B06C-8FCD90DE49E9}.Release|Any CPU.ActiveCfg = Release|Any CPU
		{7A3BF56E-58EC-412C-B06C-8FCD90DE49E9}.Release|Any CPU.Build.0 = Release|Any CPU
		{1ADCB1E1-8108-4507-ADFB-345381400D42}.Debug|Any CPU.ActiveCfg = Debug|Any CPU
		{1ADCB1E1-8108-4507-ADFB-345381400D42}.Debug|Any CPU.Build.0 = Debug|Any CPU
		{1ADCB1E1-8108-4507-ADFB-345381400D42}.Release|Any CPU.ActiveCfg = Release|Any CPU
		{1ADCB1E1-8108-4507-ADFB-345381400D42}.Release|Any CPU.Build.0 = Release|Any CPU
	EndGlobalSection
	GlobalSection(SolutionProperties) = preSolution
		HideSolutionNode = FALSE
	EndGlobalSection
	GlobalSection(ExtensibilityGlobals) = postSolution
		SolutionGuid = {EAE6FE69-04E5-461A-85B5-38772D51945D}
	EndGlobalSection
EndGlobal
